
Microsoft Visual Studio Solution File, Format Version 12.00
# Visual Studio Version 17
VisualStudioVersion = 17.3.32901.215
MinimumVisualStudioVersion = 10.0.40219.1
Project("{FAE04EC0-301F-11D3-BF4B-00C04F79EFBC}") = "WebAppCodeFirstMVC", "WebAppCodeFirstMVC\WebAppCodeFirstMVC.csproj", "{9E9FD2DC-65AA-403E-A4EE-542DD86F6CC4}"
EndProject
Global
	GlobalSection(SolutionConfigurationPlatforms) = preSolution
		Debug|Any CPU = Debug|Any CPU
		Release|Any CPU = Release|Any CPU
	EndGlobalSection
	GlobalSection(ProjectConfigurationPlatforms) = postSolution
		{9E9FD2DC-65AA-403E-A4EE-542DD86F6CC4}.Debug|Any CPU.ActiveCfg = Debug|Any CPU
		{9E9FD2DC-65AA-403E-A4EE-542DD86F6CC4}.Debug|Any CPU.Build.0 = Debug|Any CPU
		{9E9FD2DC-65AA-403E-A4EE-542DD86F6CC4}.Release|Any CPU.ActiveCfg = Release|Any CPU
		{9E9FD2DC-65AA-403E-A4EE-542DD86F6CC4}.Release|Any CPU.Build.0 = Release|Any CPU
	EndGlobalSection
	GlobalSection(SolutionProperties) = preSolution
		HideSolutionNode = FALSE
	EndGlobalSection
	GlobalSection(ExtensibilityGlobals) = postSolution
		SolutionGuid = {2926AD06-8DBF-496E-A686-CBE807DA560D}
	EndGlobalSection
EndGlobal
